// !$*UTF8*$!
{
	archiveVersion = 1;
	classes = {
	};
	objectVersion = 50;
	objects = {

/* Begin PBXBuildFile section */
		B94641A122CF5C7900C9338F /* MainViewController.swift in Sources */ = {isa = PBXBuildFile; fileRef = B94641A022CF5C7900C9338F /* MainViewController.swift */; };
		B94641A322CF5C8900C9338F /* EventViewController.swift in Sources */ = {isa = PBXBuildFile; fileRef = B94641A222CF5C8900C9338F /* EventViewController.swift */; };
		B94641A522CF5C9200C9338F /* ProfileViewController.swift in Sources */ = {isa = PBXBuildFile; fileRef = B94641A422CF5C9200C9338F /* ProfileViewController.swift */; };
		B94641A722CF5C9A00C9338F /* MoreViewController.swift in Sources */ = {isa = PBXBuildFile; fileRef = B94641A622CF5C9A00C9338F /* MoreViewController.swift */; };
		B9E1856322CE058100E7857C /* AppDelegate.swift in Sources */ = {isa = PBXBuildFile; fileRef = B9E1856222CE058100E7857C /* AppDelegate.swift */; };
		B9E1856822CE058100E7857C /* Main.storyboard in Resources */ = {isa = PBXBuildFile; fileRef = B9E1856622CE058100E7857C /* Main.storyboard */; };
		B9E1856A22CE058200E7857C /* Assets.xcassets in Resources */ = {isa = PBXBuildFile; fileRef = B9E1856922CE058200E7857C /* Assets.xcassets */; };
		B9E1856D22CE058200E7857C /* LaunchScreen.storyboard in Resources */ = {isa = PBXBuildFile; fileRef = B9E1856B22CE058200E7857C /* LaunchScreen.storyboard */; };
		B9E1857922CE091100E7857C /* CustomTabBar.swift in Sources */ = {isa = PBXBuildFile; fileRef = B9E1857822CE091100E7857C /* CustomTabBar.swift */; };
		B9E1857B22CE0E9000E7857C /* UIColor+Ext.swift in Sources */ = {isa = PBXBuildFile; fileRef = B9E1857A22CE0E9000E7857C /* UIColor+Ext.swift */; };
		B9E1857D22CE2DCD00E7857C /* UIImage+Ext.swift in Sources */ = {isa = PBXBuildFile; fileRef = B9E1857C22CE2DCD00E7857C /* UIImage+Ext.swift */; };
/* End PBXBuildFile section */

/* Begin PBXFileReference section */
		B94641A022CF5C7900C9338F /* MainViewController.swift */ = {isa = PBXFileReference; lastKnownFileType = sourcecode.swift; path = MainViewController.swift; sourceTree = "<group>"; };
		B94641A222CF5C8900C9338F /* EventViewController.swift */ = {isa = PBXFileReference; lastKnownFileType = sourcecode.swift; path = EventViewController.swift; sourceTree = "<group>"; };
		B94641A422CF5C9200C9338F /* ProfileViewController.swift */ = {isa = PBXFileReference; lastKnownFileType = sourcecode.swift; path = ProfileViewController.swift; sourceTree = "<group>"; };
		B94641A622CF5C9A00C9338F /* MoreViewController.swift */ = {isa = PBXFileReference; lastKnownFileType = sourcecode.swift; path = MoreViewController.swift; sourceTree = "<group>"; };
		B9E1855F22CE058100E7857C /* NearChat.app */ = {isa = PBXFileReference; explicitFileType = wrapper.application; includeInIndex = 0; path = NearChat.app; sourceTree = BUILT_PRODUCTS_DIR; };
		B9E1856222CE058100E7857C /* AppDelegate.swift */ = {isa = PBXFileReference; lastKnownFileType = sourcecode.swift; path = AppDelegate.swift; sourceTree = "<group>"; };
		B9E1856722CE058100E7857C /* Base */ = {isa = PBXFileReference; lastKnownFileType = file.storyboard; name = Base; path = Base.lproj/Main.storyboard; sourceTree = "<group>"; };
		B9E1856922CE058200E7857C /* Assets.xcassets */ = {isa = PBXFileReference; lastKnownFileType = folder.assetcatalog; path = Assets.xcassets; sourceTree = "<group>"; };
		B9E1856C22CE058200E7857C /* Base */ = {isa = PBXFileReference; lastKnownFileType = file.storyboard; name = Base; path = Base.lproj/LaunchScreen.storyboard; sourceTree = "<group>"; };
		B9E1856E22CE058200E7857C /* Info.plist */ = {isa = PBXFileReference; lastKnownFileType = text.plist.xml; path = Info.plist; sourceTree = "<group>"; };
		B9E1857822CE091100E7857C /* CustomTabBar.swift */ = {isa = PBXFileReference; lastKnownFileType = sourcecode.swift; path = CustomTabBar.swift; sourceTree = "<group>"; };
		B9E1857A22CE0E9000E7857C /* UIColor+Ext.swift */ = {isa = PBXFileReference; lastKnownFileType = sourcecode.swift; path = "UIColor+Ext.swift"; sourceTree = "<group>"; };
		B9E1857C22CE2DCD00E7857C /* UIImage+Ext.swift */ = {isa = PBXFileReference; lastKnownFileType = sourcecode.swift; path = "UIImage+Ext.swift"; sourceTree = "<group>"; };
/* End PBXFileReference section */

/* Begin PBXFrameworksBuildPhase section */
		B9E1855C22CE058100E7857C /* Frameworks */ = {
			isa = PBXFrameworksBuildPhase;
			buildActionMask = 2147483647;
			files = (
			);
			runOnlyForDeploymentPostprocessing = 0;
		};
/* End PBXFrameworksBuildPhase section */

/* Begin PBXGroup section */
		B9E1855622CE058100E7857C = {
			isa = PBXGroup;
			children = (
				B9E1856122CE058100E7857C /* NearChat */,
				B9E1856022CE058100E7857C /* Products */,
			);
			sourceTree = "<group>";
		};
		B9E1856022CE058100E7857C /* Products */ = {
			isa = PBXGroup;
			children = (
				B9E1855F22CE058100E7857C /* NearChat.app */,
			);
			name = Products;
			sourceTree = "<group>";
		};
		B9E1856122CE058100E7857C /* NearChat */ = {
			isa = PBXGroup;
			children = (
				B9E1857722CE08F000E7857C /* CustomClasses */,
				B9E1857622CE08E800E7857C /* Extensions */,
				B9E1857522CE08E100E7857C /* Controllers */,
				B9E1857422CE08DA00E7857C /* Models */,
				B9E1856222CE058100E7857C /* AppDelegate.swift */,
				B9E1856622CE058100E7857C /* Main.storyboard */,
				B9E1856922CE058200E7857C /* Assets.xcassets */,
				B9E1856B22CE058200E7857C /* LaunchScreen.storyboard */,
				B9E1856E22CE058200E7857C /* Info.plist */,
			);
			path = NearChat;
			sourceTree = "<group>";
		};
		B9E1857422CE08DA00E7857C /* Models */ = {
			isa = PBXGroup;
			children = (
			);
			path = Models;
			sourceTree = "<group>";
		};
		B9E1857522CE08E100E7857C /* Controllers */ = {
			isa = PBXGroup;
			children = (
				B94641A022CF5C7900C9338F /* MainViewController.swift */,
				B94641A222CF5C8900C9338F /* EventViewController.swift */,
				B94641A422CF5C9200C9338F /* ProfileViewController.swift */,
				B94641A622CF5C9A00C9338F /* MoreViewController.swift */,
			);
			path = Controllers;
			sourceTree = "<group>";
		};
		B9E1857622CE08E800E7857C /* Extensions */ = {
			isa = PBXGroup;
			children = (
				B9E1857A22CE0E9000E7857C /* UIColor+Ext.swift */,
				B9E1857C22CE2DCD00E7857C /* UIImage+Ext.swift */,
			);
			path = Extensions;
			sourceTree = "<group>";
		};
		B9E1857722CE08F000E7857C /* CustomClasses */ = {
			isa = PBXGroup;
			children = (
				B9E1857822CE091100E7857C /* CustomTabBar.swift */,
			);
			path = CustomClasses;
			sourceTree = "<group>";
		};
/* End PBXGroup section */

/* Begin PBXNativeTarget section */
		B9E1855E22CE058100E7857C /* NearChat */ = {
			isa = PBXNativeTarget;
			buildConfigurationList = B9E1857122CE058200E7857C /* Build configuration list for PBXNativeTarget "NearChat" */;
			buildPhases = (
				B9E1855B22CE058100E7857C /* Sources */,
				B9E1855C22CE058100E7857C /* Frameworks */,
				B9E1855D22CE058100E7857C /* Resources */,
			);
			buildRules = (
			);
			dependencies = (
			);
			name = NearChat;
			productName = NearChat;
			productReference = B9E1855F22CE058100E7857C /* NearChat.app */;
			productType = "com.apple.product-type.application";
		};
/* End PBXNativeTarget section */

/* Begin PBXProject section */
		B9E1855722CE058100E7857C /* Project object */ = {
			isa = PBXProject;
			attributes = {
				LastSwiftUpdateCheck = 1010;
				LastUpgradeCheck = 1010;
				ORGANIZATIONNAME = "Pau Enrech";
				TargetAttributes = {
					B9E1855E22CE058100E7857C = {
						CreatedOnToolsVersion = 10.1;
					};
				};
			};
			buildConfigurationList = B9E1855A22CE058100E7857C /* Build configuration list for PBXProject "NearChat" */;
			compatibilityVersion = "Xcode 9.3";
			developmentRegion = en;
			hasScannedForEncodings = 0;
			knownRegions = (
				en,
				Base,
			);
			mainGroup = B9E1855622CE058100E7857C;
			productRefGroup = B9E1856022CE058100E7857C /* Products */;
			projectDirPath = "";
			projectRoot = "";
			targets = (
				B9E1855E22CE058100E7857C /* NearChat */,
			);
		};
/* End PBXProject section */

/* Begin PBXResourcesBuildPhase section */
		B9E1855D22CE058100E7857C /* Resources */ = {
			isa = PBXResourcesBuildPhase;
			buildActionMask = 2147483647;
			files = (
				B9E1856D22CE058200E7857C /* LaunchScreen.storyboard in Resources */,
				B9E1856A22CE058200E7857C /* Assets.xcassets in Resources */,
				B9E1856822CE058100E7857C /* Main.storyboard in Resources */,
			);
			runOnlyForDeploymentPostprocessing = 0;
		};
/* End PBXResourcesBuildPhase section */

/* Begin PBXSourcesBuildPhase section */
		B9E1855B22CE058100E7857C /* Sources */ = {
			isa = PBXSourcesBuildPhase;
			buildActionMask = 2147483647;
			files = (
				B9E1857D22CE2DCD00E7857C /* UIImage+Ext.swift in Sources */,
				B9E1857B22CE0E9000E7857C /* UIColor+Ext.swift in Sources */,
				B9E1857922CE091100E7857C /* CustomTabBar.swift in Sources */,
				B9E1856322CE058100E7857C /* AppDelegate.swift in Sources */,
				B94641A522CF5C9200C9338F /* ProfileViewController.swift in Sources */,
				B94641A722CF5C9A00C9338F /* MoreViewController.swift in Sources */,
				B94641A122CF5C7900C9338F /* MainViewController.swift in Sources */,
				B94641A322CF5C8900C9338F /* EventViewController.swift in Sources */,
			);
			runOnlyForDeploymentPostprocessing = 0;
		};
/* End PBXSourcesBuildPhase section */

/* Begin PBXVariantGroup section */
		B9E1856622CE058100E7857C /* Main.storyboard */ = {
			isa = PBXVariantGroup;
			children = (
				B9E1856722CE058100E7857C /* Base */,
			);
			name = Main.storyboard;
			sourceTree = "<group>";
		};
		B9E1856B22CE058200E7857C /* LaunchScreen.storyboard */ = {
			isa = PBXVariantGroup;
			children = (
				B9E1856C22CE058200E7857C /* Base */,
			);
			name = LaunchScreen.storyboard;
			sourceTree = "<group>";
		};
/* End PBXVariantGroup section */

/* Begin XCBuildConfiguration section */
		B9E1856F22CE058200E7857C /* Debug */ = {
			isa = XCBuildConfiguration;
			buildSettings = {
				ALWAYS_SEARCH_USER_PATHS = NO;
				CLANG_ANALYZER_NONNULL = YES;
				CLANG_ANALYZER_NUMBER_OBJECT_CONVERSION = YES_AGGRESSIVE;
				CLANG_CXX_LANGUAGE_STANDARD = "gnu++14";
				CLANG_CXX_LIBRARY = "libc++";
				CLANG_ENABLE_MODULES = YES;
				CLANG_ENABLE_OBJC_ARC = YES;
				CLANG_ENABLE_OBJC_WEAK = YES;
				CLANG_WARN_BLOCK_CAPTURE_AUTORELEASING = YES;
				CLANG_WARN_BOOL_CONVERSION = YES;
				CLANG_WARN_COMMA = YES;
				CLANG_WARN_CONSTANT_CONVERSION = YES;
				CLANG_WARN_DEPRECATED_OBJC_IMPLEMENTATIONS = YES;
				CLANG_WARN_DIRECT_OBJC_ISA_USAGE = YES_ERROR;
				CLANG_WARN_DOCUMENTATION_COMMENTS = YES;
				CLANG_WARN_EMPTY_BODY = YES;
				CLANG_WARN_ENUM_CONVERSION = YES;
				CLANG_WARN_INFINITE_RECURSION = YES;
				CLANG_WARN_INT_CONVERSION = YES;
				CLANG_WARN_NON_LITERAL_NULL_CONVERSION = YES;
				CLANG_WARN_OBJC_IMPLICIT_RETAIN_SELF = YES;
				CLANG_WARN_OBJC_LITERAL_CONVERSION = YES;
				CLANG_WARN_OBJC_ROOT_CLASS = YES_ERROR;
				CLANG_WARN_RANGE_LOOP_ANALYSIS = YES;
				CLANG_WARN_STRICT_PROTOTYPES = YES;
				CLANG_WARN_SUSPICIOUS_MOVE = YES;
				CLANG_WARN_UNGUARDED_AVAILABILITY = YES_AGGRESSIVE;
				CLANG_WARN_UNREACHABLE_CODE = YES;
				CLANG_WARN__DUPLICATE_METHOD_MATCH = YES;
				CODE_SIGN_IDENTITY = "iPhone Developer";
				COPY_PHASE_STRIP = NO;
				DEBUG_INFORMATION_FORMAT = dwarf;
				ENABLE_STRICT_OBJC_MSGSEND = YES;
				ENABLE_TESTABILITY = YES;
				GCC_C_LANGUAGE_STANDARD = gnu11;
				GCC_DYNAMIC_NO_PIC = NO;
				GCC_NO_COMMON_BLOCKS = YES;
				GCC_OPTIMIZATION_LEVEL = 0;
				GCC_PREPROCESSOR_DEFINITIONS = (
					"DEBUG=1",
					"$(inherited)",
				);
				GCC_WARN_64_TO_32_BIT_CONVERSION = YES;
				GCC_WARN_ABOUT_RETURN_TYPE = YES_ERROR;
				GCC_WARN_UNDECLARED_SELECTOR = YES;
				GCC_WARN_UNINITIALIZED_AUTOS = YES_AGGRESSIVE;
				GCC_WARN_UNUSED_FUNCTION = YES;
				GCC_WARN_UNUSED_VARIABLE = YES;
				IPHONEOS_DEPLOYMENT_TARGET = 12.1;
				MTL_ENABLE_DEBUG_INFO = INCLUDE_SOURCE;
				MTL_FAST_MATH = YES;
				ONLY_ACTIVE_ARCH = YES;
				SDKROOT = iphoneos;
				SWIFT_ACTIVE_COMPILATION_CONDITIONS = DEBUG;
				SWIFT_OPTIMIZATION_LEVEL = "-Onone";
			};
			name = Debug;
		};
		B9E1857022CE058200E7857C /* Release */ = {
			isa = XCBuildConfiguration;
			buildSettings = {
				ALWAYS_SEARCH_USER_PATHS = NO;
				CLANG_ANALYZER_NONNULL = YES;
				CLANG_ANALYZER_NUMBER_OBJECT_CONVERSION = YES_AGGRESSIVE;
				CLANG_CXX_LANGUAGE_STANDARD = "gnu++14";
				CLANG_CXX_LIBRARY = "libc++";
				CLANG_ENABLE_MODULES = YES;
				CLANG_ENABLE_OBJC_ARC = YES;
				CLANG_ENABLE_OBJC_WEAK = YES;
				CLANG_WARN_BLOCK_CAPTURE_AUTORELEASING = YES;
				CLANG_WARN_BOOL_CONVERSION = YES;
				CLANG_WARN_COMMA = YES;
				CLANG_WARN_CONSTANT_CONVERSION = YES;
				CLANG_WARN_DEPRECATED_OBJC_IMPLEMENTATIONS = YES;
				CLANG_WARN_DIRECT_OBJC_ISA_USAGE = YES_ERROR;
				CLANG_WARN_DOCUMENTATION_COMMENTS = YES;
				CLANG_WARN_EMPTY_BODY = YES;
				CLANG_WARN_ENUM_CONVERSION = YES;
				CLANG_WARN_INFINITE_RECURSION = YES;
				CLANG_WARN_INT_CONVERSION = YES;
				CLANG_WARN_NON_LITERAL_NULL_CONVERSION = YES;
				CLANG_WARN_OBJC_IMPLICIT_RETAIN_SELF = YES;
				CLANG_WARN_OBJC_LITERAL_CONVERSION = YES;
				CLANG_WARN_OBJC_ROOT_CLASS = YES_ERROR;
				CLANG_WARN_RANGE_LOOP_ANALYSIS = YES;
				CLANG_WARN_STRICT_PROTOTYPES = YES;
				CLANG_WARN_SUSPICIOUS_MOVE = YES;
				CLANG_WARN_UNGUARDED_AVAILABILITY = YES_AGGRESSIVE;
				CLANG_WARN_UNREACHABLE_CODE = YES;
				CLANG_WARN__DUPLICATE_METHOD_MATCH = YES;
				CODE_SIGN_IDENTITY = "iPhone Developer";
				COPY_PHASE_STRIP = NO;
				DEBUG_INFORMATION_FORMAT = "dwarf-with-dsym";
				ENABLE_NS_ASSERTIONS = NO;
				ENABLE_STRICT_OBJC_MSGSEND = YES;
				GCC_C_LANGUAGE_STANDARD = gnu11;
				GCC_NO_COMMON_BLOCKS = YES;
				GCC_WARN_64_TO_32_BIT_CONVERSION = YES;
				GCC_WARN_ABOUT_RETURN_TYPE = YES_ERROR;
				GCC_WARN_UNDECLARED_SELECTOR = YES;
				GCC_WARN_UNINITIALIZED_AUTOS = YES_AGGRESSIVE;
				GCC_WARN_UNUSED_FUNCTION = YES;
				GCC_WARN_UNUSED_VARIABLE = YES;
				IPHONEOS_DEPLOYMENT_TARGET = 12.1;
				MTL_ENABLE_DEBUG_INFO = NO;
				MTL_FAST_MATH = YES;
				SDKROOT = iphoneos;
				SWIFT_COMPILATION_MODE = wholemodule;
				SWIFT_OPTIMIZATION_LEVEL = "-O";
				VALIDATE_PRODUCT = YES;
			};
			name = Release;
		};
		B9E1857222CE058200E7857C /* Debug */ = {
			isa = XCBuildConfiguration;
			buildSettings = {
				ASSETCATALOG_COMPILER_APPICON_NAME = AppIcon;
				CODE_SIGN_STYLE = Automatic;
				DEVELOPMENT_TEAM = 7GVGCV4H8Q;
				INFOPLIST_FILE = NearChat/Info.plist;
				LD_RUNPATH_SEARCH_PATHS = (
					"$(inherited)",
					"@executable_path/Frameworks",
				);
				PRODUCT_BUNDLE_IDENTIFIER = com.pauenrech.NearChat;
				PRODUCT_NAME = "$(TARGET_NAME)";
				SWIFT_VERSION = 4.2;
				TARGETED_DEVICE_FAMILY = "1,2";
			};
			name = Debug;
		};
		B9E1857322CE058200E7857C /* Release */ = {
			isa = XCBuildConfiguration;
			buildSettings = {
				ASSETCATALOG_COMPILER_APPICON_NAME = AppIcon;
				CODE_SIGN_STYLE = Automatic;
				DEVELOPMENT_TEAM = 7GVGCV4H8Q;
				INFOPLIST_FILE = NearChat/Info.plist;
				LD_RUNPATH_SEARCH_PATHS = (
					"$(inherited)",
					"@executable_path/Frameworks",
				);
				PRODUCT_BUNDLE_IDENTIFIER = com.pauenrech.NearChat;
				PRODUCT_NAME = "$(TARGET_NAME)";
				SWIFT_VERSION = 4.2;
				TARGETED_DEVICE_FAMILY = "1,2";
			};
			name = Release;
		};
/* End XCBuildConfiguration section */

/* Begin XCConfigurationList section */
		B9E1855A22CE058100E7857C /* Build configuration list for PBXProject "NearChat" */ = {
			isa = XCConfigurationList;
			buildConfigurations = (
				B9E1856F22CE058200E7857C /* Debug */,
				B9E1857022CE058200E7857C /* Release */,
			);
			defaultConfigurationIsVisible = 0;
			defaultConfigurationName = Release;
		};
		B9E1857122CE058200E7857C /* Build configuration list for PBXNativeTarget "NearChat" */ = {
			isa = XCConfigurationList;
			buildConfigurations = (
				B9E1857222CE058200E7857C /* Debug */,
				B9E1857322CE058200E7857C /* Release */,
			);
			defaultConfigurationIsVisible = 0;
			defaultConfigurationName = Release;
		};
/* End XCConfigurationList section */
	};
	rootObject = B9E1855722CE058100E7857C /* Project object */;
}
